// !$*UTF8*$!
{
	archiveVersion = 1;
	classes = {
	};
	objectVersion = 46;
	objects = {

/* Begin PBXBuildFile section */
		090BB2871D93B0BA0090FA8E /* MyGridTableViewController.swift in Sources */ = {isa = PBXBuildFile; fileRef = 090BB2861D93B0BA0090FA8E /* MyGridTableViewController.swift */; };
		090BB2891D93B7BC0090FA8E /* VIew-extension.swift in Sources */ = {isa = PBXBuildFile; fileRef = 090BB2881D93B7BC0090FA8E /* VIew-extension.swift */; };
		090BB28B1D93BF130090FA8E /* MyGridTableViewCell.swift in Sources */ = {isa = PBXBuildFile; fileRef = 090BB28A1D93BF130090FA8E /* MyGridTableViewCell.swift */; };
		090BB28D1D93C25D0090FA8E /* MyGridModel.swift in Sources */ = {isa = PBXBuildFile; fileRef = 090BB28C1D93C25D0090FA8E /* MyGridModel.swift */; };
		090BB28F1D93D3E60090FA8E /* NSObject-extension.swift in Sources */ = {isa = PBXBuildFile; fileRef = 090BB28E1D93D3E60090FA8E /* NSObject-extension.swift */; };
		09155EFA1D90E311007AC201 /* Constant.swift in Sources */ = {isa = PBXBuildFile; fileRef = 09155EF91D90E311007AC201 /* Constant.swift */; };
		09155EFC1D90E3B6007AC201 /* UserInfo.swift in Sources */ = {isa = PBXBuildFile; fileRef = 09155EFB1D90E3B6007AC201 /* UserInfo.swift */; };
		091E78CB1D94D04C003C49EF /* FindGridViewController.swift in Sources */ = {isa = PBXBuildFile; fileRef = 091E78CA1D94D04C003C49EF /* FindGridViewController.swift */; };
		091E78D11D94FD75003C49EF /* FindGridModel.swift in Sources */ = {isa = PBXBuildFile; fileRef = 091E78D01D94FD75003C49EF /* FindGridModel.swift */; };
		091E78D31D94FE42003C49EF /* FindGridTableViewCell.swift in Sources */ = {isa = PBXBuildFile; fileRef = 091E78D21D94FE42003C49EF /* FindGridTableViewCell.swift */; };
		091E78D71D950CB9003C49EF /* OtherGridTableViewCell.swift in Sources */ = {isa = PBXBuildFile; fileRef = 091E78D61D950CB9003C49EF /* OtherGridTableViewCell.swift */; };
		091E78D91D950D22003C49EF /* OtherGridTableViewController.swift in Sources */ = {isa = PBXBuildFile; fileRef = 091E78D81D950D22003C49EF /* OtherGridTableViewController.swift */; };
		091E78DB1D950DB6003C49EF /* OtherGridModel.swift in Sources */ = {isa = PBXBuildFile; fileRef = 091E78DA1D950DB6003C49EF /* OtherGridModel.swift */; };
		0941ADEF1D90DE4E001D9857 /* AppDelegate.swift in Sources */ = {isa = PBXBuildFile; fileRef = 0941ADEE1D90DE4E001D9857 /* AppDelegate.swift */; };
		0941ADF41D90DE4E001D9857 /* Main.storyboard in Resources */ = {isa = PBXBuildFile; fileRef = 0941ADF21D90DE4E001D9857 /* Main.storyboard */; };
		0941ADF61D90DE4E001D9857 /* Assets.xcassets in Resources */ = {isa = PBXBuildFile; fileRef = 0941ADF51D90DE4E001D9857 /* Assets.xcassets */; };
		0941ADF91D90DE4E001D9857 /* LaunchScreen.storyboard in Resources */ = {isa = PBXBuildFile; fileRef = 0941ADF71D90DE4E001D9857 /* LaunchScreen.storyboard */; };
		0970DA811D92690300FA9B1F /* Login.storyboard in Resources */ = {isa = PBXBuildFile; fileRef = 0970DA801D92690300FA9B1F /* Login.storyboard */; };
		0970DA831D926E7000FA9B1F /* LoginViewController.swift in Sources */ = {isa = PBXBuildFile; fileRef = 0970DA821D926E7000FA9B1F /* LoginViewController.swift */; };
		09A4D12E1D93718C003CB8FF /* String-extension.swift in Sources */ = {isa = PBXBuildFile; fileRef = 09A4D12D1D93718C003CB8FF /* String-extension.swift */; };
		09F0205D1D97DC0900E2CE9B /* GridDetailViewController.swift in Sources */ = {isa = PBXBuildFile; fileRef = 09F0205C1D97DC0900E2CE9B /* GridDetailViewController.swift */; };
		09F622751D922D9A0040B277 /* PersonTableViewController.swift in Sources */ = {isa = PBXBuildFile; fileRef = 09F622741D922D9A0040B277 /* PersonTableViewController.swift */; };
		09F622771D922F4B0040B277 /* PersonInfoModel.swift in Sources */ = {isa = PBXBuildFile; fileRef = 09F622761D922F4B0040B277 /* PersonInfoModel.swift */; };
		170C9EABBB0E0E08D3D1E500 /* Pods_LittleMarket.framework in Frameworks */ = {isa = PBXBuildFile; fileRef = FCD27D3D7024E0EB78190CBC /* Pods_LittleMarket.framework */; };
/* End PBXBuildFile section */

/* Begin PBXFileReference section */
		090BB2861D93B0BA0090FA8E /* MyGridTableViewController.swift */ = {isa = PBXFileReference; fileEncoding = 4; lastKnownFileType = sourcecode.swift; path = MyGridTableViewController.swift; sourceTree = "<group>"; };
		090BB2881D93B7BC0090FA8E /* VIew-extension.swift */ = {isa = PBXFileReference; fileEncoding = 4; lastKnownFileType = sourcecode.swift; path = "VIew-extension.swift"; sourceTree = "<group>"; };
		090BB28A1D93BF130090FA8E /* MyGridTableViewCell.swift */ = {isa = PBXFileReference; fileEncoding = 4; lastKnownFileType = sourcecode.swift; path = MyGridTableViewCell.swift; sourceTree = "<group>"; };
		090BB28C1D93C25D0090FA8E /* MyGridModel.swift */ = {isa = PBXFileReference; fileEncoding = 4; lastKnownFileType = sourcecode.swift; path = MyGridModel.swift; sourceTree = "<group>"; };
		090BB28E1D93D3E60090FA8E /* NSObject-extension.swift */ = {isa = PBXFileReference; fileEncoding = 4; lastKnownFileType = sourcecode.swift; path = "NSObject-extension.swift"; sourceTree = "<group>"; };
		09155EF91D90E311007AC201 /* Constant.swift */ = {isa = PBXFileReference; fileEncoding = 4; lastKnownFileType = sourcecode.swift; path = Constant.swift; sourceTree = "<group>"; };
		09155EFB1D90E3B6007AC201 /* UserInfo.swift */ = {isa = PBXFileReference; fileEncoding = 4; lastKnownFileType = sourcecode.swift; path = UserInfo.swift; sourceTree = "<group>"; };
		091E78CA1D94D04C003C49EF /* FindGridViewController.swift */ = {isa = PBXFileReference; fileEncoding = 4; lastKnownFileType = sourcecode.swift; path = FindGridViewController.swift; sourceTree = "<group>"; };
		091E78D01D94FD75003C49EF /* FindGridModel.swift */ = {isa = PBXFileReference; fileEncoding = 4; lastKnownFileType = sourcecode.swift; path = FindGridModel.swift; sourceTree = "<group>"; };
		091E78D21D94FE42003C49EF /* FindGridTableViewCell.swift */ = {isa = PBXFileReference; fileEncoding = 4; lastKnownFileType = sourcecode.swift; path = FindGridTableViewCell.swift; sourceTree = "<group>"; };
		091E78D61D950CB9003C49EF /* OtherGridTableViewCell.swift */ = {isa = PBXFileReference; fileEncoding = 4; lastKnownFileType = sourcecode.swift; path = OtherGridTableViewCell.swift; sourceTree = "<group>"; };
		091E78D81D950D22003C49EF /* OtherGridTableViewController.swift */ = {isa = PBXFileReference; fileEncoding = 4; lastKnownFileType = sourcecode.swift; path = OtherGridTableViewController.swift; sourceTree = "<group>"; };
		091E78DA1D950DB6003C49EF /* OtherGridModel.swift */ = {isa = PBXFileReference; fileEncoding = 4; lastKnownFileType = sourcecode.swift; path = OtherGridModel.swift; sourceTree = "<group>"; };
		0941ADEB1D90DE4E001D9857 /* LittleMarket.app */ = {isa = PBXFileReference; explicitFileType = wrapper.application; includeInIndex = 0; path = LittleMarket.app; sourceTree = BUILT_PRODUCTS_DIR; };
		0941ADEE1D90DE4E001D9857 /* AppDelegate.swift */ = {isa = PBXFileReference; lastKnownFileType = sourcecode.swift; path = AppDelegate.swift; sourceTree = "<group>"; };
		0941ADF31D90DE4E001D9857 /* Base */ = {isa = PBXFileReference; lastKnownFileType = file.storyboard; name = Base; path = Base.lproj/Main.storyboard; sourceTree = "<group>"; };
		0941ADF51D90DE4E001D9857 /* Assets.xcassets */ = {isa = PBXFileReference; lastKnownFileType = folder.assetcatalog; path = Assets.xcassets; sourceTree = "<group>"; };
		0941ADF81D90DE4E001D9857 /* Base */ = {isa = PBXFileReference; lastKnownFileType = file.storyboard; name = Base; path = Base.lproj/LaunchScreen.storyboard; sourceTree = "<group>"; };
		0941ADFA1D90DE4E001D9857 /* Info.plist */ = {isa = PBXFileReference; lastKnownFileType = text.plist.xml; path = Info.plist; sourceTree = "<group>"; };
		0970DA801D92690300FA9B1F /* Login.storyboard */ = {isa = PBXFileReference; fileEncoding = 4; lastKnownFileType = file.storyboard; path = Login.storyboard; sourceTree = "<group>"; };
		0970DA821D926E7000FA9B1F /* LoginViewController.swift */ = {isa = PBXFileReference; fileEncoding = 4; lastKnownFileType = sourcecode.swift; path = LoginViewController.swift; sourceTree = "<group>"; };
		09A4D12C1D937089003CB8FF /* MD-Bridging-Header.h */ = {isa = PBXFileReference; lastKnownFileType = sourcecode.c.h; name = "MD-Bridging-Header.h"; path = "LittleMarket/Class/Other/MD-Bridging-Header.h"; sourceTree = SOURCE_ROOT; };
		09A4D12D1D93718C003CB8FF /* String-extension.swift */ = {isa = PBXFileReference; fileEncoding = 4; lastKnownFileType = sourcecode.swift; path = "String-extension.swift"; sourceTree = "<group>"; };
		09F0205C1D97DC0900E2CE9B /* GridDetailViewController.swift */ = {isa = PBXFileReference; fileEncoding = 4; lastKnownFileType = sourcecode.swift; path = GridDetailViewController.swift; sourceTree = "<group>"; };
		09F622741D922D9A0040B277 /* PersonTableViewController.swift */ = {isa = PBXFileReference; fileEncoding = 4; lastKnownFileType = sourcecode.swift; path = PersonTableViewController.swift; sourceTree = "<group>"; };
		09F622761D922F4B0040B277 /* PersonInfoModel.swift */ = {isa = PBXFileReference; fileEncoding = 4; lastKnownFileType = sourcecode.swift; path = PersonInfoModel.swift; sourceTree = "<group>"; };
		2BA9CFD39B01B5A62F9E8AFF /* Pods-LittleMarket.debug.xcconfig */ = {isa = PBXFileReference; includeInIndex = 1; lastKnownFileType = text.xcconfig; name = "Pods-LittleMarket.debug.xcconfig"; path = "Pods/Target Support Files/Pods-LittleMarket/Pods-LittleMarket.debug.xcconfig"; sourceTree = "<group>"; };
		AB7FF1386812AD4B5837020F /* Pods-LittleMarket.release.xcconfig */ = {isa = PBXFileReference; includeInIndex = 1; lastKnownFileType = text.xcconfig; name = "Pods-LittleMarket.release.xcconfig"; path = "Pods/Target Support Files/Pods-LittleMarket/Pods-LittleMarket.release.xcconfig"; sourceTree = "<group>"; };
		FCD27D3D7024E0EB78190CBC /* Pods_LittleMarket.framework */ = {isa = PBXFileReference; explicitFileType = wrapper.framework; includeInIndex = 0; path = Pods_LittleMarket.framework; sourceTree = BUILT_PRODUCTS_DIR; };
/* End PBXFileReference section */

/* Begin PBXFrameworksBuildPhase section */
		0941ADE81D90DE4D001D9857 /* Frameworks */ = {
			isa = PBXFrameworksBuildPhase;
			buildActionMask = 2147483647;
			files = (
				170C9EABBB0E0E08D3D1E500 /* Pods_LittleMarket.framework in Frameworks */,
			);
			runOnlyForDeploymentPostprocessing = 0;
		};
/* End PBXFrameworksBuildPhase section */

/* Begin PBXGroup section */
		09155EF21D90E2C1007AC201 /* Class */ = {
			isa = PBXGroup;
			children = (
				09155EF31D90E2C1007AC201 /* Common */,
				09155EF41D90E2C1007AC201 /* Lib */,
				09155EF51D90E2C1007AC201 /* Login */,
				09155EF61D90E2C1007AC201 /* Main */,
				09155EF71D90E2C1007AC201 /* Other */,
				09155EF81D90E2C1007AC201 /* Tool */,
			);
			path = Class;
			sourceTree = "<group>";
		};
		09155EF31D90E2C1007AC201 /* Common */ = {
			isa = PBXGroup;
			children = (
				09155EFB1D90E3B6007AC201 /* UserInfo.swift */,
			);
			path = Common;
			sourceTree = "<group>";
		};
		09155EF41D90E2C1007AC201 /* Lib */ = {
			isa = PBXGroup;
			children = (
			);
			path = Lib;
			sourceTree = "<group>";
		};
		09155EF51D90E2C1007AC201 /* Login */ = {
			isa = PBXGroup;
			children = (
				09155F021D90E50D007AC201 /* Controller */,
				09155F011D90E506007AC201 /* View */,
				09155F001D90E4FE007AC201 /* Model */,
				0970DA801D92690300FA9B1F /* Login.storyboard */,
			);
			path = Login;
			sourceTree = "<group>";
		};
		09155EF61D90E2C1007AC201 /* Main */ = {
			isa = PBXGroup;
			children = (
				09155EFD1D90E4C6007AC201 /* Controller */,
				09155EFE1D90E4D3007AC201 /* View */,
				09155EFF1D90E4E5007AC201 /* Model */,
				0941ADF21D90DE4E001D9857 /* Main.storyboard */,
			);
			path = Main;
			sourceTree = "<group>";
		};
		09155EF71D90E2C1007AC201 /* Other */ = {
			isa = PBXGroup;
			children = (
				09A4D12C1D937089003CB8FF /* MD-Bridging-Header.h */,
			);
			path = Other;
			sourceTree = "<group>";
		};
		09155EF81D90E2C1007AC201 /* Tool */ = {
			isa = PBXGroup;
			children = (
				09155EF91D90E311007AC201 /* Constant.swift */,
				09A4D12D1D93718C003CB8FF /* String-extension.swift */,
				090BB2881D93B7BC0090FA8E /* VIew-extension.swift */,
				090BB28E1D93D3E60090FA8E /* NSObject-extension.swift */,
			);
			path = Tool;
			sourceTree = "<group>";
		};
		09155EFD1D90E4C6007AC201 /* Controller */ = {
			isa = PBXGroup;
			children = (
				09F622741D922D9A0040B277 /* PersonTableViewController.swift */,
				090BB2861D93B0BA0090FA8E /* MyGridTableViewController.swift */,
				091E78CA1D94D04C003C49EF /* FindGridViewController.swift */,
				091E78D81D950D22003C49EF /* OtherGridTableViewController.swift */,
				09F0205C1D97DC0900E2CE9B /* GridDetailViewController.swift */,
			);
			name = Controller;
			sourceTree = "<group>";
		};
		09155EFE1D90E4D3007AC201 /* View */ = {
			isa = PBXGroup;
			children = (
				090BB28A1D93BF130090FA8E /* MyGridTableViewCell.swift */,
				091E78D21D94FE42003C49EF /* FindGridTableViewCell.swift */,
				091E78D61D950CB9003C49EF /* OtherGridTableViewCell.swift */,
			);
			name = View;
			sourceTree = "<group>";
		};
		09155EFF1D90E4E5007AC201 /* Model */ = {
			isa = PBXGroup;
			children = (
				09F622761D922F4B0040B277 /* PersonInfoModel.swift */,
				090BB28C1D93C25D0090FA8E /* MyGridModel.swift */,
				091E78D01D94FD75003C49EF /* FindGridModel.swift */,
				091E78DA1D950DB6003C49EF /* OtherGridModel.swift */,
			);
			name = Model;
			sourceTree = "<group>";
		};
		09155F001D90E4FE007AC201 /* Model */ = {
			isa = PBXGroup;
			children = (
			);
			name = Model;
			sourceTree = "<group>";
		};
		09155F011D90E506007AC201 /* View */ = {
			isa = PBXGroup;
			children = (
			);
			name = View;
			sourceTree = "<group>";
		};
		09155F021D90E50D007AC201 /* Controller */ = {
			isa = PBXGroup;
			children = (
				0970DA821D926E7000FA9B1F /* LoginViewController.swift */,
			);
			name = Controller;
			sourceTree = "<group>";
		};
		0941ADE21D90DE4D001D9857 = {
			isa = PBXGroup;
			children = (
				0941ADED1D90DE4E001D9857 /* LittleMarket */,
				0941ADEC1D90DE4E001D9857 /* Products */,
				632AF5276528051B5385BA50 /* Pods */,
				A13035B9EDA7B9FA3AB52000 /* Frameworks */,
			);
			sourceTree = "<group>";
		};
		0941ADEC1D90DE4E001D9857 /* Products */ = {
			isa = PBXGroup;
			children = (
				0941ADEB1D90DE4E001D9857 /* LittleMarket.app */,
			);
			name = Products;
			sourceTree = "<group>";
		};
		0941ADED1D90DE4E001D9857 /* LittleMarket */ = {
			isa = PBXGroup;
			children = (
				09155EF21D90E2C1007AC201 /* Class */,
				0941ADEE1D90DE4E001D9857 /* AppDelegate.swift */,
				0941ADF51D90DE4E001D9857 /* Assets.xcassets */,
				0941ADF71D90DE4E001D9857 /* LaunchScreen.storyboard */,
				0941ADFA1D90DE4E001D9857 /* Info.plist */,
			);
			path = LittleMarket;
			sourceTree = "<group>";
		};
		632AF5276528051B5385BA50 /* Pods */ = {
			isa = PBXGroup;
			children = (
				2BA9CFD39B01B5A62F9E8AFF /* Pods-LittleMarket.debug.xcconfig */,
				AB7FF1386812AD4B5837020F /* Pods-LittleMarket.release.xcconfig */,
			);
			name = Pods;
			sourceTree = "<group>";
		};
		A13035B9EDA7B9FA3AB52000 /* Frameworks */ = {
			isa = PBXGroup;
			children = (
				FCD27D3D7024E0EB78190CBC /* Pods_LittleMarket.framework */,
			);
			name = Frameworks;
			sourceTree = "<group>";
		};
/* End PBXGroup section */

/* Begin PBXNativeTarget section */
		0941ADEA1D90DE4D001D9857 /* LittleMarket */ = {
			isa = PBXNativeTarget;
			buildConfigurationList = 0941ADFD1D90DE4E001D9857 /* Build configuration list for PBXNativeTarget "LittleMarket" */;
			buildPhases = (
				FEF83BBE97D8AE86D5B82395 /* [CP] Check Pods Manifest.lock */,
				0941ADE71D90DE4D001D9857 /* Sources */,
				0941ADE81D90DE4D001D9857 /* Frameworks */,
				0941ADE91D90DE4D001D9857 /* Resources */,
				9FADF6B9A5F0093D818FEEFE /* [CP] Embed Pods Frameworks */,
				AD38B239D190ACC07C7E85C6 /* [CP] Copy Pods Resources */,
			);
			buildRules = (
			);
			dependencies = (
			);
			name = LittleMarket;
			productName = LittleMarket;
			productReference = 0941ADEB1D90DE4E001D9857 /* LittleMarket.app */;
			productType = "com.apple.product-type.application";
		};
/* End PBXNativeTarget section */

/* Begin PBXProject section */
		0941ADE31D90DE4D001D9857 /* Project object */ = {
			isa = PBXProject;
			attributes = {
				LastSwiftUpdateCheck = 0800;
				LastUpgradeCheck = 0800;
				ORGANIZATIONNAME = J;
				TargetAttributes = {
					0941ADEA1D90DE4D001D9857 = {
						CreatedOnToolsVersion = 8.0;
						DevelopmentTeam = 24WZVK9M5D;
						ProvisioningStyle = Automatic;
					};
				};
			};
			buildConfigurationList = 0941ADE61D90DE4D001D9857 /* Build configuration list for PBXProject "LittleMarket" */;
			compatibilityVersion = "Xcode 3.2";
			developmentRegion = English;
			hasScannedForEncodings = 0;
			knownRegions = (
				en,
				Base,
			);
			mainGroup = 0941ADE21D90DE4D001D9857;
			productRefGroup = 0941ADEC1D90DE4E001D9857 /* Products */;
			projectDirPath = "";
			projectRoot = "";
			targets = (
				0941ADEA1D90DE4D001D9857 /* LittleMarket */,
			);
		};
/* End PBXProject section */

/* Begin PBXResourcesBuildPhase section */
		0941ADE91D90DE4D001D9857 /* Resources */ = {
			isa = PBXResourcesBuildPhase;
			buildActionMask = 2147483647;
			files = (
				0970DA811D92690300FA9B1F /* Login.storyboard in Resources */,
				0941ADF91D90DE4E001D9857 /* LaunchScreen.storyboard in Resources */,
				0941ADF61D90DE4E001D9857 /* Assets.xcassets in Resources */,
				0941ADF41D90DE4E001D9857 /* Main.storyboard in Resources */,
			);
			runOnlyForDeploymentPostprocessing = 0;
		};
/* End PBXResourcesBuildPhase section */

/* Begin PBXShellScriptBuildPhase section */
		9FADF6B9A5F0093D818FEEFE /* [CP] Embed Pods Frameworks */ = {
			isa = PBXShellScriptBuildPhase;
			buildActionMask = 2147483647;
			files = (
			);
			inputPaths = (
			);
			name = "[CP] Embed Pods Frameworks";
			outputPaths = (
			);
			runOnlyForDeploymentPostprocessing = 0;
			shellPath = /bin/sh;
			shellScript = "\"${SRCROOT}/Pods/Target Support Files/Pods-LittleMarket/Pods-LittleMarket-frameworks.sh\"\n";
			showEnvVarsInLog = 0;
		};
		AD38B239D190ACC07C7E85C6 /* [CP] Copy Pods Resources */ = {
			isa = PBXShellScriptBuildPhase;
			buildActionMask = 2147483647;
			files = (
			);
			inputPaths = (
			);
			name = "[CP] Copy Pods Resources";
			outputPaths = (
			);
			runOnlyForDeploymentPostprocessing = 0;
			shellPath = /bin/sh;
			shellScript = "\"${SRCROOT}/Pods/Target Support Files/Pods-LittleMarket/Pods-LittleMarket-resources.sh\"\n";
			showEnvVarsInLog = 0;
		};
		FEF83BBE97D8AE86D5B82395 /* [CP] Check Pods Manifest.lock */ = {
			isa = PBXShellScriptBuildPhase;
			buildActionMask = 2147483647;
			files = (
			);
			inputPaths = (
			);
			name = "[CP] Check Pods Manifest.lock";
			outputPaths = (
			);
			runOnlyForDeploymentPostprocessing = 0;
			shellPath = /bin/sh;
			shellScript = "diff \"${PODS_ROOT}/../Podfile.lock\" \"${PODS_ROOT}/Manifest.lock\" > /dev/null\nif [ $? != 0 ] ; then\n    # print error to STDERR\n    echo \"error: The sandbox is not in sync with the Podfile.lock. Run 'pod install' or update your CocoaPods installation.\" >&2\n    exit 1\nfi\n";
			showEnvVarsInLog = 0;
		};
/* End PBXShellScriptBuildPhase section */

/* Begin PBXSourcesBuildPhase section */
		0941ADE71D90DE4D001D9857 /* Sources */ = {
			isa = PBXSourcesBuildPhase;
			buildActionMask = 2147483647;
			files = (
				0970DA831D926E7000FA9B1F /* LoginViewController.swift in Sources */,
				090BB28D1D93C25D0090FA8E /* MyGridModel.swift in Sources */,
				090BB2891D93B7BC0090FA8E /* VIew-extension.swift in Sources */,
				091E78D31D94FE42003C49EF /* FindGridTableViewCell.swift in Sources */,
				091E78D71D950CB9003C49EF /* OtherGridTableViewCell.swift in Sources */,
				09F622751D922D9A0040B277 /* PersonTableViewController.swift in Sources */,
				091E78D91D950D22003C49EF /* OtherGridTableViewController.swift in Sources */,
				090BB28B1D93BF130090FA8E /* MyGridTableViewCell.swift in Sources */,
				091E78DB1D950DB6003C49EF /* OtherGridModel.swift in Sources */,
				091E78CB1D94D04C003C49EF /* FindGridViewController.swift in Sources */,
				091E78D11D94FD75003C49EF /* FindGridModel.swift in Sources */,
				09A4D12E1D93718C003CB8FF /* String-extension.swift in Sources */,
				09155EFC1D90E3B6007AC201 /* UserInfo.swift in Sources */,
				0941ADEF1D90DE4E001D9857 /* AppDelegate.swift in Sources */,
				090BB2871D93B0BA0090FA8E /* MyGridTableViewController.swift in Sources */,
				090BB28F1D93D3E60090FA8E /* NSObject-extension.swift in Sources */,
				09F622771D922F4B0040B277 /* PersonInfoModel.swift in Sources */,
				09F0205D1D97DC0900E2CE9B /* GridDetailViewController.swift in Sources */,
				09155EFA1D90E311007AC201 /* Constant.swift in Sources */,
			);
			runOnlyForDeploymentPostprocessing = 0;
		};
/* End PBXSourcesBuildPhase section */

/* Begin PBXVariantGroup section */
		0941ADF21D90DE4E001D9857 /* Main.storyboard */ = {
			isa = PBXVariantGroup;
			children = (
				0941ADF31D90DE4E001D9857 /* Base */,
			);
			name = Main.storyboard;
			path = ../..;
			sourceTree = "<group>";
		};
		0941ADF71D90DE4E001D9857 /* LaunchScreen.storyboard */ = {
			isa = PBXVariantGroup;
			children = (
				0941ADF81D90DE4E001D9857 /* Base */,
			);
			name = LaunchScreen.storyboard;
			sourceTree = "<group>";
		};
/* End PBXVariantGroup section */

/* Begin XCBuildConfiguration section */
		0941ADFB1D90DE4E001D9857 /* Debug */ = {
			isa = XCBuildConfiguration;
			buildSettings = {
				ALWAYS_SEARCH_USER_PATHS = NO;
				CLANG_ANALYZER_NONNULL = YES;
				CLANG_CXX_LANGUAGE_STANDARD = "gnu++0x";
				CLANG_CXX_LIBRARY = "libc++";
				CLANG_ENABLE_MODULES = YES;
				CLANG_ENABLE_OBJC_ARC = YES;
				CLANG_WARN_BOOL_CONVERSION = YES;
				CLANG_WARN_CONSTANT_CONVERSION = YES;
				CLANG_WARN_DIRECT_OBJC_ISA_USAGE = YES_ERROR;
				CLANG_WARN_DOCUMENTATION_COMMENTS = YES;
				CLANG_WARN_EMPTY_BODY = YES;
				CLANG_WARN_ENUM_CONVERSION = YES;
				CLANG_WARN_INFINITE_RECURSION = YES;
				CLANG_WARN_INT_CONVERSION = YES;
				CLANG_WARN_OBJC_ROOT_CLASS = YES_ERROR;
				CLANG_WARN_SUSPICIOUS_MOVE = YES;
				CLANG_WARN_SUSPICIOUS_MOVES = YES;
				CLANG_WARN_UNREACHABLE_CODE = YES;
				CLANG_WARN__DUPLICATE_METHOD_MATCH = YES;
				"CODE_SIGN_IDENTITY[sdk=iphoneos*]" = "iPhone Developer";
				COPY_PHASE_STRIP = NO;
				DEBUG_INFORMATION_FORMAT = dwarf;
				ENABLE_STRICT_OBJC_MSGSEND = YES;
				ENABLE_TESTABILITY = YES;
				GCC_C_LANGUAGE_STANDARD = gnu99;
				GCC_DYNAMIC_NO_PIC = NO;
				GCC_NO_COMMON_BLOCKS = YES;
				GCC_OPTIMIZATION_LEVEL = 0;
				GCC_PREPROCESSOR_DEFINITIONS = (
					"DEBUG=1",
					"$(inherited)",
				);
				GCC_WARN_64_TO_32_BIT_CONVERSION = YES;
				GCC_WARN_ABOUT_RETURN_TYPE = YES_ERROR;
				GCC_WARN_UNDECLARED_SELECTOR = YES;
				GCC_WARN_UNINITIALIZED_AUTOS = YES_AGGRESSIVE;
				GCC_WARN_UNUSED_FUNCTION = YES;
				GCC_WARN_UNUSED_VARIABLE = YES;
				IPHONEOS_DEPLOYMENT_TARGET = 10.0;
				MTL_ENABLE_DEBUG_INFO = YES;
				ONLY_ACTIVE_ARCH = YES;
				SDKROOT = iphoneos;
				SWIFT_ACTIVE_COMPILATION_CONDITIONS = DEBUG;
				SWIFT_OPTIMIZATION_LEVEL = "-Onone";
			};
			name = Debug;
		};
		0941ADFC1D90DE4E001D9857 /* Release */ = {
			isa = XCBuildConfiguration;
			buildSettings = {
				ALWAYS_SEARCH_USER_PATHS = NO;
				CLANG_ANALYZER_NONNULL = YES;
				CLANG_CXX_LANGUAGE_STANDARD = "gnu++0x";
				CLANG_CXX_LIBRARY = "libc++";
				CLANG_ENABLE_MODULES = YES;
				CLANG_ENABLE_OBJC_ARC = YES;
				CLANG_WARN_BOOL_CONVERSION = YES;
				CLANG_WARN_CONSTANT_CONVERSION = YES;
				CLANG_WARN_DIRECT_OBJC_ISA_USAGE = YES_ERROR;
				CLANG_WARN_DOCUMENTATION_COMMENTS = YES;
				CLANG_WARN_EMPTY_BODY = YES;
				CLANG_WARN_ENUM_CONVERSION = YES;
				CLANG_WARN_INFINITE_RECURSION = YES;
				CLANG_WARN_INT_CONVERSION = YES;
				CLANG_WARN_OBJC_ROOT_CLASS = YES_ERROR;
				CLANG_WARN_SUSPICIOUS_MOVE = YES;
				CLANG_WARN_SUSPICIOUS_MOVES = YES;
				CLANG_WARN_UNREACHABLE_CODE = YES;
				CLANG_WARN__DUPLICATE_METHOD_MATCH = YES;
				"CODE_SIGN_IDENTITY[sdk=iphoneos*]" = "iPhone Developer";
				COPY_PHASE_STRIP = NO;
				DEBUG_INFORMATION_FORMAT = "dwarf-with-dsym";
				ENABLE_NS_ASSERTIONS = NO;
				ENABLE_STRICT_OBJC_MSGSEND = YES;
				GCC_C_LANGUAGE_STANDARD = gnu99;
				GCC_NO_COMMON_BLOCKS = YES;
				GCC_WARN_64_TO_32_BIT_CONVERSION = YES;
				GCC_WARN_ABOUT_RETURN_TYPE = YES_ERROR;
				GCC_WARN_UNDECLARED_SELECTOR = YES;
				GCC_WARN_UNINITIALIZED_AUTOS = YES_AGGRESSIVE;
				GCC_WARN_UNUSED_FUNCTION = YES;
				GCC_WARN_UNUSED_VARIABLE = YES;
				IPHONEOS_DEPLOYMENT_TARGET = 10.0;
				MTL_ENABLE_DEBUG_INFO = NO;
				SDKROOT = iphoneos;
				SWIFT_OPTIMIZATION_LEVEL = "-Owholemodule";
				VALIDATE_PRODUCT = YES;
			};
			name = Release;
		};
		0941ADFE1D90DE4E001D9857 /* Debug */ = {
			isa = XCBuildConfiguration;
			baseConfigurationReference = 2BA9CFD39B01B5A62F9E8AFF /* Pods-LittleMarket.debug.xcconfig */;
			buildSettings = {
				ALWAYS_EMBED_SWIFT_STANDARD_LIBRARIES = YES;
				ASSETCATALOG_COMPILER_APPICON_NAME = AppIcon;
				DEVELOPMENT_TEAM = 24WZVK9M5D;
				INFOPLIST_FILE = LittleMarket/Info.plist;
				LD_RUNPATH_SEARCH_PATHS = "$(inherited) @executable_path/Frameworks";
				PRODUCT_BUNDLE_IDENTIFIER = com.J.LittleMarket;
				PRODUCT_NAME = "$(TARGET_NAME)";
				SWIFT_OBJC_BRIDGING_HEADER = "/Users/J/Desktop/App/LittleMarket/LittleMarket/Class/Other/MD-Bridging-Header.h";
				SWIFT_VERSION = 3.0;
				USER_HEADER_SEARCH_PATHS = "${SRCROOT}";
			};
			name = Debug;
		};
		0941ADFF1D90DE4E001D9857 /* Release */ = {
			isa = XCBuildConfiguration;
			baseConfigurationReference = AB7FF1386812AD4B5837020F /* Pods-LittleMarket.release.xcconfig */;
			buildSettings = {
				ALWAYS_EMBED_SWIFT_STANDARD_LIBRARIES = YES;
				ASSETCATALOG_COMPILER_APPICON_NAME = AppIcon;
				DEVELOPMENT_TEAM = 24WZVK9M5D;
				INFOPLIST_FILE = LittleMarket/Info.plist;
				LD_RUNPATH_SEARCH_PATHS = "$(inherited) @executable_path/Frameworks";
				PRODUCT_BUNDLE_IDENTIFIER = com.J.LittleMarket;
				PRODUCT_NAME = "$(TARGET_NAME)";
				SWIFT_OBJC_BRIDGING_HEADER = "/Users/J/Desktop/App/LittleMarket/LittleMarket/Class/Other/MD-Bridging-Header.h";
				SWIFT_VERSION = 3.0;
				USER_HEADER_SEARCH_PATHS = "${SRCROOT}";
			};
			name = Release;
		};
/* End XCBuildConfiguration section */

/* Begin XCConfigurationList section */
		0941ADE61D90DE4D001D9857 /* Build configuration list for PBXProject "LittleMarket" */ = {
			isa = XCConfigurationList;
			buildConfigurations = (
				0941ADFB1D90DE4E001D9857 /* Debug */,
				0941ADFC1D90DE4E001D9857 /* Release */,
			);
			defaultConfigurationIsVisible = 0;
			defaultConfigurationName = Release;
		};
		0941ADFD1D90DE4E001D9857 /* Build configuration list for PBXNativeTarget "LittleMarket" */ = {
			isa = XCConfigurationList;
			buildConfigurations = (
				0941ADFE1D90DE4E001D9857 /* Debug */,
				0941ADFF1D90DE4E001D9857 /* Release */,
			);
			defaultConfigurationIsVisible = 0;
			defaultConfigurationName = Release;
		};
/* End XCConfigurationList section */
	};
	rootObject = 0941ADE31D90DE4D001D9857 /* Project object */;
}
